
Microsoft Visual Studio Solution File, Format Version 12.00
# Visual Studio Version 17
VisualStudioVersion = 17.9.34728.123
MinimumVisualStudioVersion = 10.0.40219.1
Project("{FAE04EC0-301F-11D3-BF4B-00C04F79EFBC}") = "GPSystem", "GPSystem.csproj", "{DCDBC473-46DE-4A37-9205-93786B0FA7A5}"
EndProject
Global
	GlobalSection(SolutionConfigurationPlatforms) = preSolution
		Debug|Any CPU = Debug|Any CPU
		Release|Any CPU = Release|Any CPU
	EndGlobalSection
	GlobalSection(ProjectConfigurationPlatforms) = postSolution
		{DCDBC473-46DE-4A37-9205-93786B0FA7A5}.Debug|Any CPU.ActiveCfg = Debug|Any CPU
		{DCDBC473-46DE-4A37-9205-93786B0FA7A5}.Debug|Any CPU.Build.0 = Debug|Any CPU
		{DCDBC473-46DE-4A37-9205-93786B0FA7A5}.Release|Any CPU.ActiveCfg = Release|Any CPU
		{DCDBC473-46DE-4A37-9205-93786B0FA7A5}.Release|Any CPU.Build.0 = Release|Any CPU
	EndGlobalSection
	GlobalSection(SolutionProperties) = preSolution
		HideSolutionNode = FALSE
	EndGlobalSection
	GlobalSection(ExtensibilityGlobals) = postSolution
		SolutionGuid = {1A206108-0176-4594-873B-7AEF299E21CA}
	EndGlobalSection
EndGlobal
